# This file was autogenerated by Stack.
# You should not edit this file by hand.
# For more information, please see the documentation at:
#   https://docs.haskellstack.org/en/stable/lock_files

packages:
- completed:
    cabal-file:
      size: 3826
      sha256: cef6057749f9a0d29e67d4f96fcf5077fe54287353e34c6ed9f562bc39b2ddff
    name: HaXml
    version: 1.25.3
    git: https://github.com/ki11men0w/HaXml-1.23.5.git
    pantry-tree:
      size: 3957
      sha256: 7016b1c8450c35c18761c38f7591ce2dde255c9911e9aa3682ff871b1c06c5bc
    commit: 42349f1fa3ab5aa7051b3dbc3bec2d2b28ab5933
  original:
    git: https://github.com/ki11men0w/HaXml-1.23.5.git
    commit: 42349f1fa3ab5aa7051b3dbc3bec2d2b28ab5933
snapshots:
- completed:
    size: 469970
    url: https://raw.githubusercontent.com/commercialhaskell/stackage-snapshots/master/lts/8/2.yaml
    sha256: bae03546114ba56e44d072b03442d31a997155966046cd07a17ef929b1990de6
  original: lts-8.2
